
Microsoft Visual Studio Solution File, Format Version 12.00
# Visual Studio Version 16
VisualStudioVersion = 16.0.31205.134
MinimumVisualStudioVersion = 10.0.40219.1
Project("{F184B08F-C81C-45F6-A57F-5ABD9991F28F}") = "Windows Forms Dialogs CBH", "Windows Forms Dialogs CBH.vbproj", "{9F786918-5BCD-4F15-B609-9B00E9E6D8BD}"
EndProject
Global
	GlobalSection(SolutionConfigurationPlatforms) = preSolution
		Debug|Any CPU = Debug|Any CPU
		Release|Any CPU = Release|Any CPU
	EndGlobalSection
	GlobalSection(ProjectConfigurationPlatforms) = postSolution
		{9F786918-5BCD-4F15-B609-9B00E9E6D8BD}.Debug|Any CPU.ActiveCfg = Debug|Any CPU
		{9F786918-5BCD-4F15-B609-9B00E9E6D8BD}.Debug|Any CPU.Build.0 = Debug|Any CPU
		{9F786918-5BCD-4F15-B609-9B00E9E6D8BD}.Release|Any CPU.ActiveCfg = Release|Any CPU
		{9F786918-5BCD-4F15-B609-9B00E9E6D8BD}.Release|Any CPU.Build.0 = Release|Any CPU
	EndGlobalSection
	GlobalSection(SolutionProperties) = preSolution
		HideSolutionNode = FALSE
	EndGlobalSection
	GlobalSection(ExtensibilityGlobals) = postSolution
		SolutionGuid = {68586D21-B061-49B6-9E37-B2FE0450AAAF}
	EndGlobalSection
EndGlobal
